# @generated by Move, please check-in and do not edit manually.

[move]
version = 3
manifest_digest = "0E8290C800989B3BF3379B3AD36E660E2DD2F7A12209F1818FEC646CF6BC7646"
deps_digest = "F8BBB0CCB2491CA29A3DF03D6F92277A4F3574266507ACD77214D37ECA3F3082"
dependencies = [
  { id = "Sui", name = "Sui" },
]

[[move.package]]
id = "MoveStdlib"
source = { git = "https://github.com/MystenLabs/sui.git", rev = "mainnet-v1.39.3", subdir = "crates/sui-framework/packages/move-stdlib" }

[[move.package]]
id = "Sui"
source = { git = "https://github.com/MystenLabs/sui.git", rev = "mainnet-v1.39.3", subdir = "crates/sui-framework/packages/sui-framework" }

dependencies = [
  { id = "MoveStdlib", name = "MoveStdlib" },
]

[move.toolchain-version]
compiler-version = "1.39.3"
edition = "2024.beta"
flavor = "sui"

[env]

[env.testnet]
chain-id = "4c78adac"
original-published-id = "0x4e064c7a2de2154802a38dce34d9b4610bac537a940c01ee90e432307f7f010a"
latest-published-id = "0x4e064c7a2de2154802a38dce34d9b4610bac537a940c01ee90e432307f7f010a"
published-version = "1"
